PODS:
  - Macaw (0.9.2):
    - SWXMLHash
  - SWXMLHash (4.7.0)

DEPENDENCIES:
  - Macaw (from `https://github.com/exyte/Macaw.git`, commit `10996a4`)

SPEC REPOS:
  https://github.com/cocoapods/specs.git:
    - SWXMLHash

EXTERNAL SOURCES:
  Macaw:
    :commit: 10996a4
    :git: https://github.com/exyte/Macaw.git

CHECKOUT OPTIONS:
  Macaw:
    :commit: 10996a4
    :git: https://github.com/exyte/Macaw.git

SPEC CHECKSUMS:
  Macaw: ffe132d93ce03ab1596a6ce211243249177a5c42
  SWXMLHash: f4522438189f72b41e39676d19469a8969d60dd1

PODFILE CHECKSUM: 5431ad9415198bebbc656deb5f8c107f177f6a15

COCOAPODS: 1.5.3
